// !$*UTF8*$!
{
	archiveVersion = 1;
	classes = {
	};
	objectVersion = 50;
	objects = {

/* Begin PBXBuildFile section */
		5418B3F42559B16F00F51F4A /* AppDelegate.swift in Sources */ = {isa = PBXBuildFile; fileRef = 5418B3F32559B16F00F51F4A /* AppDelegate.swift */; };
		5418B3F62559B16F00F51F4A /* SceneDelegate.swift in Sources */ = {isa = PBXBuildFile; fileRef = 5418B3F52559B16F00F51F4A /* SceneDelegate.swift */; };
		5418B3FB2559B16F00F51F4A /* Main.storyboard in Resources */ = {isa = PBXBuildFile; fileRef = 5418B3F92559B16F00F51F4A /* Main.storyboard */; };
		5418B3FD2559B17200F51F4A /* Assets.xcassets in Resources */ = {isa = PBXBuildFile; fileRef = 5418B3FC2559B17200F51F4A /* Assets.xcassets */; };
		5418B4002559B17200F51F4A /* LaunchScreen.storyboard in Resources */ = {isa = PBXBuildFile; fileRef = 5418B3FE2559B17200F51F4A /* LaunchScreen.storyboard */; };
		5418B40A2559B1E100F51F4A /* PlayersViewController.swift in Sources */ = {isa = PBXBuildFile; fileRef = 5418B4092559B1E100F51F4A /* PlayersViewController.swift */; };
		5418B40E2559B39900F51F4A /* PlayerDetailViewController.swift in Sources */ = {isa = PBXBuildFile; fileRef = 5418B40D2559B39900F51F4A /* PlayerDetailViewController.swift */; };
		5418B4112559B75100F51F4A /* Player.swift in Sources */ = {isa = PBXBuildFile; fileRef = 5418B4102559B75100F51F4A /* Player.swift */; };
		54900440255BF5FE00A2775C /* GamesViewController.swift in Sources */ = {isa = PBXBuildFile; fileRef = 5490043F255BF5FE00A2775C /* GamesViewController.swift */; };
		54900443255BF72F00A2775C /* Game.swift in Sources */ = {isa = PBXBuildFile; fileRef = 54900442255BF72F00A2775C /* Game.swift */; };
		54900449255BFF9500A2775C /* GameTableViewCell.swift in Sources */ = {isa = PBXBuildFile; fileRef = 54900448255BFF9500A2775C /* GameTableViewCell.swift */; };
		54AF420E255C195E004B7456 /* GameDetailsViewController.swift in Sources */ = {isa = PBXBuildFile; fileRef = 54AF420D255C195E004B7456 /* GameDetailsViewController.swift */; };
		54B52052255A9847008FB1A5 /* TeamDetailsViewController.swift in Sources */ = {isa = PBXBuildFile; fileRef = 54B52051255A9847008FB1A5 /* TeamDetailsViewController.swift */; };
		54B52055255A98ED008FB1A5 /* Team.swift in Sources */ = {isa = PBXBuildFile; fileRef = 54B52054255A98ED008FB1A5 /* Team.swift */; };
		54B52058255AF574008FB1A5 /* ApiClient.swift in Sources */ = {isa = PBXBuildFile; fileRef = 54B52057255AF574008FB1A5 /* ApiClient.swift */; };
/* End PBXBuildFile section */

/* Begin PBXFileReference section */
		5418B3F02559B16F00F51F4A /* NBAPlayers.app */ = {isa = PBXFileReference; explicitFileType = wrapper.application; includeInIndex = 0; path = NBAPlayers.app; sourceTree = BUILT_PRODUCTS_DIR; };
		5418B3F32559B16F00F51F4A /* AppDelegate.swift */ = {isa = PBXFileReference; lastKnownFileType = sourcecode.swift; path = AppDelegate.swift; sourceTree = "<group>"; };
		5418B3F52559B16F00F51F4A /* SceneDelegate.swift */ = {isa = PBXFileReference; lastKnownFileType = sourcecode.swift; path = SceneDelegate.swift; sourceTree = "<group>"; };
		5418B3FA2559B16F00F51F4A /* Base */ = {isa = PBXFileReference; lastKnownFileType = file.storyboard; name = Base; path = Base.lproj/Main.storyboard; sourceTree = "<group>"; };
		5418B3FC2559B17200F51F4A /* Assets.xcassets */ = {isa = PBXFileReference; lastKnownFileType = folder.assetcatalog; path = Assets.xcassets; sourceTree = "<group>"; };
		5418B3FF2559B17200F51F4A /* Base */ = {isa = PBXFileReference; lastKnownFileType = file.storyboard; name = Base; path = Base.lproj/LaunchScreen.storyboard; sourceTree = "<group>"; };
		5418B4012559B17200F51F4A /* Info.plist */ = {isa = PBXFileReference; lastKnownFileType = text.plist.xml; path = Info.plist; sourceTree = "<group>"; };
		5418B4092559B1E100F51F4A /* PlayersViewController.swift */ = {isa = PBXFileReference; lastKnownFileType = sourcecode.swift; path = PlayersViewController.swift; sourceTree = "<group>"; };
		5418B40D2559B39900F51F4A /* PlayerDetailViewController.swift */ = {isa = PBXFileReference; lastKnownFileType = sourcecode.swift; path = PlayerDetailViewController.swift; sourceTree = "<group>"; };
		5418B4102559B75100F51F4A /* Player.swift */ = {isa = PBXFileReference; lastKnownFileType = sourcecode.swift; path = Player.swift; sourceTree = "<group>"; };
		5490043F255BF5FE00A2775C /* GamesViewController.swift */ = {isa = PBXFileReference; lastKnownFileType = sourcecode.swift; path = GamesViewController.swift; sourceTree = "<group>"; };
		54900442255BF72F00A2775C /* Game.swift */ = {isa = PBXFileReference; lastKnownFileType = sourcecode.swift; path = Game.swift; sourceTree = "<group>"; };
		54900448255BFF9500A2775C /* GameTableViewCell.swift */ = {isa = PBXFileReference; lastKnownFileType = sourcecode.swift; path = GameTableViewCell.swift; sourceTree = "<group>"; };
		54AF420D255C195E004B7456 /* GameDetailsViewController.swift */ = {isa = PBXFileReference; lastKnownFileType = sourcecode.swift; path = GameDetailsViewController.swift; sourceTree = "<group>"; };
		54B52051255A9847008FB1A5 /* TeamDetailsViewController.swift */ = {isa = PBXFileReference; lastKnownFileType = sourcecode.swift; path = TeamDetailsViewController.swift; sourceTree = "<group>"; };
		54B52054255A98ED008FB1A5 /* Team.swift */ = {isa = PBXFileReference; lastKnownFileType = sourcecode.swift; path = Team.swift; sourceTree = "<group>"; };
		54B52057255AF574008FB1A5 /* ApiClient.swift */ = {isa = PBXFileReference; lastKnownFileType = sourcecode.swift; path = ApiClient.swift; sourceTree = "<group>"; };
/* End PBXFileReference section */

/* Begin PBXFrameworksBuildPhase section */
		5418B3ED2559B16F00F51F4A /* Frameworks */ = {
			isa = PBXFrameworksBuildPhase;
			buildActionMask = 2147483647;
			files = (
			);
			runOnlyForDeploymentPostprocessing = 0;
		};
/* End PBXFrameworksBuildPhase section */

/* Begin PBXGroup section */
		5418B3E72559B16F00F51F4A = {
			isa = PBXGroup;
			children = (
				5418B3F22559B16F00F51F4A /* NBAPlayers */,
				5418B3F12559B16F00F51F4A /* Products */,
			);
			sourceTree = "<group>";
		};
		5418B3F12559B16F00F51F4A /* Products */ = {
			isa = PBXGroup;
			children = (
				5418B3F02559B16F00F51F4A /* NBAPlayers.app */,
			);
			name = Products;
			sourceTree = "<group>";
		};
		5418B3F22559B16F00F51F4A /* NBAPlayers */ = {
			isa = PBXGroup;
			children = (
				54900438255BD8A400A2775C /* ViewControllers */,
				54900437255BD89400A2775C /* Network */,
				5490043B255BD8BD00A2775C /* Models */,
				5490043D255BD8C600A2775C /* Storyboards */,
				5418B3F32559B16F00F51F4A /* AppDelegate.swift */,
				5418B3F52559B16F00F51F4A /* SceneDelegate.swift */,
				5418B3FC2559B17200F51F4A /* Assets.xcassets */,
				5418B4012559B17200F51F4A /* Info.plist */,
			);
			path = NBAPlayers;
			sourceTree = "<group>";
		};
		54900437255BD89400A2775C /* Network */ = {
			isa = PBXGroup;
			children = (
				54B52057255AF574008FB1A5 /* ApiClient.swift */,
			);
			path = Network;
			sourceTree = "<group>";
		};
		54900438255BD8A400A2775C /* ViewControllers */ = {
			isa = PBXGroup;
			children = (
				5418B4092559B1E100F51F4A /* PlayersViewController.swift */,
				5418B40D2559B39900F51F4A /* PlayerDetailViewController.swift */,
				54B52051255A9847008FB1A5 /* TeamDetailsViewController.swift */,
				5490043F255BF5FE00A2775C /* GamesViewController.swift */,
				54AF420D255C195E004B7456 /* GameDetailsViewController.swift */,
				54AF4210255C1CF6004B7456 /* TableViewCell */,
			);
			path = ViewControllers;
			sourceTree = "<group>";
		};
		5490043B255BD8BD00A2775C /* Models */ = {
			isa = PBXGroup;
			children = (
				5418B4102559B75100F51F4A /* Player.swift */,
				54B52054255A98ED008FB1A5 /* Team.swift */,
				54900442255BF72F00A2775C /* Game.swift */,
			);
			path = Models;
			sourceTree = "<group>";
		};
		5490043D255BD8C600A2775C /* Storyboards */ = {
			isa = PBXGroup;
			children = (
				5418B3F92559B16F00F51F4A /* Main.storyboard */,
				5418B3FE2559B17200F51F4A /* LaunchScreen.storyboard */,
			);
			path = Storyboards;
			sourceTree = "<group>";
		};
		54AF4210255C1CF6004B7456 /* TableViewCell */ = {
			isa = PBXGroup;
			children = (
				54900448255BFF9500A2775C /* GameTableViewCell.swift */,
			);
			path = TableViewCell;
			sourceTree = "<group>";
		};
/* End PBXGroup section */

/* Begin PBXNativeTarget section */
		5418B3EF2559B16F00F51F4A /* NBAPlayers */ = {
			isa = PBXNativeTarget;
			buildConfigurationList = 5418B4042559B17200F51F4A /* Build configuration list for PBXNativeTarget "NBAPlayers" */;
			buildPhases = (
				5418B3EC2559B16F00F51F4A /* Sources */,
				5418B3ED2559B16F00F51F4A /* Frameworks */,
				5418B3EE2559B16F00F51F4A /* Resources */,
			);
			buildRules = (
			);
			dependencies = (
			);
			name = NBAPlayers;
			productName = NBAPlayers;
			productReference = 5418B3F02559B16F00F51F4A /* NBAPlayers.app */;
			productType = "com.apple.product-type.application";
		};
/* End PBXNativeTarget section */

/* Begin PBXProject section */
		5418B3E82559B16F00F51F4A /* Project object */ = {
			isa = PBXProject;
			attributes = {
				LastSwiftUpdateCheck = 1210;
				LastUpgradeCheck = 1210;
				TargetAttributes = {
					5418B3EF2559B16F00F51F4A = {
						CreatedOnToolsVersion = 12.1;
					};
				};
			};
			buildConfigurationList = 5418B3EB2559B16F00F51F4A /* Build configuration list for PBXProject "NBAPlayers" */;
			compatibilityVersion = "Xcode 9.3";
			developmentRegion = en;
			hasScannedForEncodings = 0;
			knownRegions = (
				en,
				Base,
			);
			mainGroup = 5418B3E72559B16F00F51F4A;
			productRefGroup = 5418B3F12559B16F00F51F4A /* Products */;
			projectDirPath = "";
			projectRoot = "";
			targets = (
				5418B3EF2559B16F00F51F4A /* NBAPlayers */,
			);
		};
/* End PBXProject section */

/* Begin PBXResourcesBuildPhase section */
		5418B3EE2559B16F00F51F4A /* Resources */ = {
			isa = PBXResourcesBuildPhase;
			buildActionMask = 2147483647;
			files = (
				5418B4002559B17200F51F4A /* LaunchScreen.storyboard in Resources */,
				5418B3FD2559B17200F51F4A /* Assets.xcassets in Resources */,
				5418B3FB2559B16F00F51F4A /* Main.storyboard in Resources */,
			);
			runOnlyForDeploymentPostprocessing = 0;
		};
/* End PBXResourcesBuildPhase section */

/* Begin PBXSourcesBuildPhase section */
		5418B3EC2559B16F00F51F4A /* Sources */ = {
			isa = PBXSourcesBuildPhase;
			buildActionMask = 2147483647;
			files = (
				5418B40E2559B39900F51F4A /* PlayerDetailViewController.swift in Sources */,
				54AF420E255C195E004B7456 /* GameDetailsViewController.swift in Sources */,
				54900443255BF72F00A2775C /* Game.swift in Sources */,
				5418B3F42559B16F00F51F4A /* AppDelegate.swift in Sources */,
				54B52055255A98ED008FB1A5 /* Team.swift in Sources */,
				54B52058255AF574008FB1A5 /* ApiClient.swift in Sources */,
				54900440255BF5FE00A2775C /* GamesViewController.swift in Sources */,
				54900449255BFF9500A2775C /* GameTableViewCell.swift in Sources */,
				5418B3F62559B16F00F51F4A /* SceneDelegate.swift in Sources */,
				5418B4112559B75100F51F4A /* Player.swift in Sources */,
				54B52052255A9847008FB1A5 /* TeamDetailsViewController.swift in Sources */,
				5418B40A2559B1E100F51F4A /* PlayersViewController.swift in Sources */,
			);
			runOnlyForDeploymentPostprocessing = 0;
		};
/* End PBXSourcesBuildPhase section */

/* Begin PBXVariantGroup section */
		5418B3F92559B16F00F51F4A /* Main.storyboard */ = {
			isa = PBXVariantGroup;
			children = (
				5418B3FA2559B16F00F51F4A /* Base */,
			);
			name = Main.storyboard;
			sourceTree = "<group>";
		};
		5418B3FE2559B17200F51F4A /* LaunchScreen.storyboard */ = {
			isa = PBXVariantGroup;
			children = (
				5418B3FF2559B17200F51F4A /* Base */,
			);
			name = LaunchScreen.storyboard;
			sourceTree = "<group>";
		};
/* End PBXVariantGroup section */

/* Begin XCBuildConfiguration section */
		5418B4022559B17200F51F4A /* Debug */ = {
			isa = XCBuildConfiguration;
			buildSettings = {
				ALWAYS_SEARCH_USER_PATHS = NO;
				CLANG_ANALYZER_NONNULL = YES;
				CLANG_ANALYZER_NUMBER_OBJECT_CONVERSION = YES_AGGRESSIVE;
				CLANG_CXX_LANGUAGE_STANDARD = "gnu++14";
				CLANG_CXX_LIBRARY = "libc++";
				CLANG_ENABLE_MODULES = YES;
				CLANG_ENABLE_OBJC_ARC = YES;
				CLANG_ENABLE_OBJC_WEAK = YES;
				CLANG_WARN_BLOCK_CAPTURE_AUTORELEASING = YES;
				CLANG_WARN_BOOL_CONVERSION = YES;
				CLANG_WARN_COMMA = YES;
				CLANG_WARN_CONSTANT_CONVERSION = YES;
				CLANG_WARN_DEPRECATED_OBJC_IMPLEMENTATIONS = YES;
				CLANG_WARN_DIRECT_OBJC_ISA_USAGE = YES_ERROR;
				CLANG_WARN_DOCUMENTATION_COMMENTS = YES;
				CLANG_WARN_EMPTY_BODY = YES;
				CLANG_WARN_ENUM_CONVERSION = YES;
				CLANG_WARN_INFINITE_RECURSION = YES;
				CLANG_WARN_INT_CONVERSION = YES;
				CLANG_WARN_NON_LITERAL_NULL_CONVERSION = YES;
				CLANG_WARN_OBJC_IMPLICIT_RETAIN_SELF = YES;
				CLANG_WARN_OBJC_LITERAL_CONVERSION = YES;
				CLANG_WARN_OBJC_ROOT_CLASS = YES_ERROR;
				CLANG_WARN_QUOTED_INCLUDE_IN_FRAMEWORK_HEADER = YES;
				CLANG_WARN_RANGE_LOOP_ANALYSIS = YES;
				CLANG_WARN_STRICT_PROTOTYPES = YES;
				CLANG_WARN_SUSPICIOUS_MOVE = YES;
				CLANG_WARN_UNGUARDED_AVAILABILITY = YES_AGGRESSIVE;
				CLANG_WARN_UNREACHABLE_CODE = YES;
				CLANG_WARN__DUPLICATE_METHOD_MATCH = YES;
				COPY_PHASE_STRIP = NO;
				DEBUG_INFORMATION_FORMAT = dwarf;
				ENABLE_STRICT_OBJC_MSGSEND = YES;
				ENABLE_TESTABILITY = YES;
				GCC_C_LANGUAGE_STANDARD = gnu11;
				GCC_DYNAMIC_NO_PIC = NO;
				GCC_NO_COMMON_BLOCKS = YES;
				GCC_OPTIMIZATION_LEVEL = 0;
				GCC_PREPROCESSOR_DEFINITIONS = (
					"DEBUG=1",
					"$(inherited)",
				);
				GCC_WARN_64_TO_32_BIT_CONVERSION = YES;
				GCC_WARN_ABOUT_RETURN_TYPE = YES_ERROR;
				GCC_WARN_UNDECLARED_SELECTOR = YES;
				GCC_WARN_UNINITIALIZED_AUTOS = YES_AGGRESSIVE;
				GCC_WARN_UNUSED_FUNCTION = YES;
				GCC_WARN_UNUSED_VARIABLE = YES;
				IPHONEOS_DEPLOYMENT_TARGET = 14.1;
				MTL_ENABLE_DEBUG_INFO = INCLUDE_SOURCE;
				MTL_FAST_MATH = YES;
				ONLY_ACTIVE_ARCH = YES;
				SDKROOT = iphoneos;
				SWIFT_ACTIVE_COMPILATION_CONDITIONS = DEBUG;
				SWIFT_OPTIMIZATION_LEVEL = "-Onone";
			};
			name = Debug;
		};
		5418B4032559B17200F51F4A /* Release */ = {
			isa = XCBuildConfiguration;
			buildSettings = {
				ALWAYS_SEARCH_USER_PATHS = NO;
				CLANG_ANALYZER_NONNULL = YES;
				CLANG_ANALYZER_NUMBER_OBJECT_CONVERSION = YES_AGGRESSIVE;
				CLANG_CXX_LANGUAGE_STANDARD = "gnu++14";
				CLANG_CXX_LIBRARY = "libc++";
				CLANG_ENABLE_MODULES = YES;
				CLANG_ENABLE_OBJC_ARC = YES;
				CLANG_ENABLE_OBJC_WEAK = YES;
				CLANG_WARN_BLOCK_CAPTURE_AUTORELEASING = YES;
				CLANG_WARN_BOOL_CONVERSION = YES;
				CLANG_WARN_COMMA = YES;
				CLANG_WARN_CONSTANT_CONVERSION = YES;
				CLANG_WARN_DEPRECATED_OBJC_IMPLEMENTATIONS = YES;
				CLANG_WARN_DIRECT_OBJC_ISA_USAGE = YES_ERROR;
				CLANG_WARN_DOCUMENTATION_COMMENTS = YES;
				CLANG_WARN_EMPTY_BODY = YES;
				CLANG_WARN_ENUM_CONVERSION = YES;
				CLANG_WARN_INFINITE_RECURSION = YES;
				CLANG_WARN_INT_CONVERSION = YES;
				CLANG_WARN_NON_LITERAL_NULL_CONVERSION = YES;
				CLANG_WARN_OBJC_IMPLICIT_RETAIN_SELF = YES;
				CLANG_WARN_OBJC_LITERAL_CONVERSION = YES;
				CLANG_WARN_OBJC_ROOT_CLASS = YES_ERROR;
				CLANG_WARN_QUOTED_INCLUDE_IN_FRAMEWORK_HEADER = YES;
				CLANG_WARN_RANGE_LOOP_ANALYSIS = YES;
				CLANG_WARN_STRICT_PROTOTYPES = YES;
				CLANG_WARN_SUSPICIOUS_MOVE = YES;
				CLANG_WARN_UNGUARDED_AVAILABILITY = YES_AGGRESSIVE;
				CLANG_WARN_UNREACHABLE_CODE = YES;
				CLANG_WARN__DUPLICATE_METHOD_MATCH = YES;
				COPY_PHASE_STRIP = NO;
				DEBUG_INFORMATION_FORMAT = "dwarf-with-dsym";
				ENABLE_NS_ASSERTIONS = NO;
				ENABLE_STRICT_OBJC_MSGSEND = YES;
				GCC_C_LANGUAGE_STANDARD = gnu11;
				GCC_NO_COMMON_BLOCKS = YES;
				GCC_WARN_64_TO_32_BIT_CONVERSION = YES;
				GCC_WARN_ABOUT_RETURN_TYPE = YES_ERROR;
				GCC_WARN_UNDECLARED_SELECTOR = YES;
				GCC_WARN_UNINITIALIZED_AUTOS = YES_AGGRESSIVE;
				GCC_WARN_UNUSED_FUNCTION = YES;
				GCC_WARN_UNUSED_VARIABLE = YES;
				IPHONEOS_DEPLOYMENT_TARGET = 14.1;
				MTL_ENABLE_DEBUG_INFO = NO;
				MTL_FAST_MATH = YES;
				SDKROOT = iphoneos;
				SWIFT_COMPILATION_MODE = wholemodule;
				SWIFT_OPTIMIZATION_LEVEL = "-O";
				VALIDATE_PRODUCT = YES;
			};
			name = Release;
		};
		5418B4052559B17200F51F4A /* Debug */ = {
			isa = XCBuildConfiguration;
			buildSettings = {
				ASSETCATALOG_COMPILER_APPICON_NAME = AppIcon;
				ASSETCATALOG_COMPILER_GLOBAL_ACCENT_COLOR_NAME = AccentColor;
				CODE_SIGN_STYLE = Automatic;
				INFOPLIST_FILE = NBAPlayers/Info.plist;
				LD_RUNPATH_SEARCH_PATHS = (
					"$(inherited)",
					"@executable_path/Frameworks",
				);
				PRODUCT_BUNDLE_IDENTIFIER = com.igorOh.NBAPlayers;
				PRODUCT_NAME = "$(TARGET_NAME)";
				SWIFT_VERSION = 5.0;
				TARGETED_DEVICE_FAMILY = "1,2";
			};
			name = Debug;
		};
		5418B4062559B17200F51F4A /* Release */ = {
			isa = XCBuildConfiguration;
			buildSettings = {
				ASSETCATALOG_COMPILER_APPICON_NAME = AppIcon;
				ASSETCATALOG_COMPILER_GLOBAL_ACCENT_COLOR_NAME = AccentColor;
				CODE_SIGN_STYLE = Automatic;
				INFOPLIST_FILE = NBAPlayers/Info.plist;
				LD_RUNPATH_SEARCH_PATHS = (
					"$(inherited)",
					"@executable_path/Frameworks",
				);
				PRODUCT_BUNDLE_IDENTIFIER = com.igorOh.NBAPlayers;
				PRODUCT_NAME = "$(TARGET_NAME)";
				SWIFT_VERSION = 5.0;
				TARGETED_DEVICE_FAMILY = "1,2";
			};
			name = Release;
		};
/* End XCBuildConfiguration section */

/* Begin XCConfigurationList section */
		5418B3EB2559B16F00F51F4A /* Build configuration list for PBXProject "NBAPlayers" */ = {
			isa = XCConfigurationList;
			buildConfigurations = (
				5418B4022559B17200F51F4A /* Debug */,
				5418B4032559B17200F51F4A /* Release */,
			);
			defaultConfigurationIsVisible = 0;
			defaultConfigurationName = Release;
		};
		5418B4042559B17200F51F4A /* Build configuration list for PBXNativeTarget "NBAPlayers" */ = {
			isa = XCConfigurationList;
			buildConfigurations = (
				5418B4052559B17200F51F4A /* Debug */,
				5418B4062559B17200F51F4A /* Release */,
			);
			defaultConfigurationIsVisible = 0;
			defaultConfigurationName = Release;
		};
/* End XCConfigurationList section */
	};
	rootObject = 5418B3E82559B16F00F51F4A /* Project object */;
}
